
Microsoft Visual Studio Solution File, Format Version 12.00
# Visual Studio Version 16
VisualStudioVersion = 25.0.1706.4
MinimumVisualStudioVersion = 10.0.40219.1
Project("{FAE04EC0-301F-11D3-BF4B-00C04F79EFBC}") = "FFS102-ECommerce-WebSite", "FFS102-ECommerce-WebSite\FFS102-ECommerce-WebSite.csproj", "{689CD66E-2BCF-43EA-BFB1-354389927207}"
EndProject
Project("{FAE04EC0-301F-11D3-BF4B-00C04F79EFBC}") = "FFS102-Ecommerce-Admin", "FFS102-Ecommerce-Admin\FFS102-Ecommerce-Admin.csproj", "{2A1433DB-8349-45A7-AC5F-A68D88DD87D6}"
EndProject
Project("{FAE04EC0-301F-11D3-BF4B-00C04F79EFBC}") = "App-Data", "App-Data\App-Data.csproj", "{5AB545C6-48F6-491A-A8BE-EEB93B41C67A}"
EndProject
Global
	GlobalSection(SolutionConfigurationPlatforms) = preSolution
		Debug|Any CPU = Debug|Any CPU
		Release|Any CPU = Release|Any CPU
	EndGlobalSection
	GlobalSection(ProjectConfigurationPlatforms) = postSolution
		{689CD66E-2BCF-43EA-BFB1-354389927207}.Debug|Any CPU.ActiveCfg = Debug|Any CPU
		{689CD66E-2BCF-43EA-BFB1-354389927207}.Debug|Any CPU.Build.0 = Debug|Any CPU
		{689CD66E-2BCF-43EA-BFB1-354389927207}.Release|Any CPU.ActiveCfg = Release|Any CPU
		{689CD66E-2BCF-43EA-BFB1-354389927207}.Release|Any CPU.Build.0 = Release|Any CPU
		{2A1433DB-8349-45A7-AC5F-A68D88DD87D6}.Debug|Any CPU.ActiveCfg = Debug|Any CPU
		{2A1433DB-8349-45A7-AC5F-A68D88DD87D6}.Debug|Any CPU.Build.0 = Debug|Any CPU
		{2A1433DB-8349-45A7-AC5F-A68D88DD87D6}.Release|Any CPU.ActiveCfg = Release|Any CPU
		{2A1433DB-8349-45A7-AC5F-A68D88DD87D6}.Release|Any CPU.Build.0 = Release|Any CPU
		{5AB545C6-48F6-491A-A8BE-EEB93B41C67A}.Debug|Any CPU.ActiveCfg = Debug|Any CPU
		{5AB545C6-48F6-491A-A8BE-EEB93B41C67A}.Debug|Any CPU.Build.0 = Debug|Any CPU
		{5AB545C6-48F6-491A-A8BE-EEB93B41C67A}.Release|Any CPU.ActiveCfg = Release|Any CPU
		{5AB545C6-48F6-491A-A8BE-EEB93B41C67A}.Release|Any CPU.Build.0 = Release|Any CPU
	EndGlobalSection
	GlobalSection(SolutionProperties) = preSolution
		HideSolutionNode = FALSE
	EndGlobalSection
	GlobalSection(ExtensibilityGlobals) = postSolution
		SolutionGuid = {AEB0B6D4-155A-45D9-AA55-82B017B26325}
	EndGlobalSection
EndGlobal
